<?xml version="1.0" encoding="utf-8"?>
<Project ToolsVersion="4.0" xmlns="http://schemas.microsoft.com/developer/msbuild/2003">
  <ItemGroup>
    <FxCompile Include="Effect.fx" />
    <FxCompile Include="Fog.fx" />
  </ItemGroup>
  <ItemGroup>
    <ClCompile Include="Camera.cpp">
      <Filter>소스 파일</Filter>
    </ClCompile>
    <ClCompile Include="Fbx.cpp">
      <Filter>소스 파일</Filter>
    </ClCompile>
    <ClCompile Include="Fog.cpp">
      <Filter>소스 파일</Filter>
    </ClCompile>
    <ClCompile Include="GameClient.cpp">
      <Filter>소스 파일</Filter>
    </ClCompile>
    <ClCompile Include="GameFramework.cpp">
      <Filter>소스 파일</Filter>
    </ClCompile>
    <ClCompile Include="Light.cpp">
      <Filter>소스 파일</Filter>
    </ClCompile>
    <ClCompile Include="Mesh.cpp">
      <Filter>소스 파일</Filter>
    </ClCompile>
    <ClCompile Include="Network.cpp">
      <Filter>소스 파일</Filter>
    </ClCompile>
    <ClCompile Include="Object.cpp">
      <Filter>소스 파일</Filter>
    </ClCompile>
    <ClCompile Include="ObjectManager.cpp">
      <Filter>소스 파일</Filter>
    </ClCompile>
    <ClCompile Include="Player.cpp">
      <Filter>소스 파일</Filter>
    </ClCompile>
    <ClCompile Include="ResourceManager.cpp">
      <Filter>소스 파일</Filter>
    </ClCompile>
    <ClCompile Include="Scene.cpp">
      <Filter>소스 파일</Filter>
    </ClCompile>
    <ClCompile Include="Shader.cpp">
      <Filter>소스 파일</Filter>
    </ClCompile>
    <ClCompile Include="stdafx.cpp">
      <Filter>소스 파일</Filter>
    </ClCompile>
    <ClCompile Include="Timer.cpp">
      <Filter>소스 파일</Filter>
    </ClCompile>
    <ClCompile Include="Vertex.cpp">
      <Filter>소스 파일</Filter>
    </ClCompile>
  </ItemGroup>
  <ItemGroup>
    <ClInclude Include="Camera.h">
      <Filter>헤더 파일</Filter>
    </ClInclude>
    <ClInclude Include="Fbx.h">
      <Filter>헤더 파일</Filter>
    </ClInclude>
    <ClInclude Include="Fog.h">
      <Filter>헤더 파일</Filter>
    </ClInclude>
    <ClInclude Include="GameClient.h">
      <Filter>헤더 파일</Filter>
    </ClInclude>
    <ClInclude Include="GameFramework.h">
      <Filter>헤더 파일</Filter>
    </ClInclude>
    <ClInclude Include="Light.h">
      <Filter>헤더 파일</Filter>
    </ClInclude>
    <ClInclude Include="Mesh.h">
      <Filter>헤더 파일</Filter>
    </ClInclude>
    <ClInclude Include="Object.h">
      <Filter>헤더 파일</Filter>
    </ClInclude>
    <ClInclude Include="Player.h">
      <Filter>헤더 파일</Filter>
    </ClInclude>
    <ClInclude Include="ObjectManager.h">
      <Filter>헤더 파일</Filter>
    </ClInclude>
    <ClInclude Include="protocol.h">
      <Filter>헤더 파일</Filter>
    </ClInclude>
    <ClInclude Include="Resource.h">
      <Filter>헤더 파일</Filter>
    </ClInclude>
    <ClInclude Include="ResourceManager.h">
      <Filter>헤더 파일</Filter>
    </ClInclude>
    <ClInclude Include="Scene.h">
      <Filter>헤더 파일</Filter>
    </ClInclude>
    <ClInclude Include="Shader.h">
      <Filter>헤더 파일</Filter>
    </ClInclude>
    <ClInclude Include="stdafx.h">
      <Filter>헤더 파일</Filter>
    </ClInclude>
    <ClInclude Include="Timer.h">
      <Filter>헤더 파일</Filter>
    </ClInclude>
    <ClInclude Include="targetver.h">
      <Filter>헤더 파일</Filter>
    </ClInclude>
    <ClInclude Include="Vertex.h">
      <Filter>헤더 파일</Filter>
    </ClInclude>
    <ClInclude Include="Monster.h">
      <Filter>헤더 파일</Filter>
    </ClInclude>
  </ItemGroup>
  <ItemGroup>
<<<<<<< HEAD
    <ClCompile Include="stdafx.cpp">
      <Filter>소스 파일</Filter>
    </ClCompile>
    <ClCompile Include="Camera.cpp">
      <Filter>소스 파일</Filter>
    </ClCompile>
    <ClCompile Include="GameFramework.cpp">
      <Filter>소스 파일</Filter>
    </ClCompile>
    <ClCompile Include="Mesh.cpp">
      <Filter>소스 파일</Filter>
    </ClCompile>
    <ClCompile Include="Object.cpp">
      <Filter>소스 파일</Filter>
    </ClCompile>
    <ClCompile Include="Player.cpp">
      <Filter>소스 파일</Filter>
    </ClCompile>
    <ClCompile Include="Scene.cpp">
      <Filter>소스 파일</Filter>
    </ClCompile>
    <ClCompile Include="Shader.cpp">
      <Filter>소스 파일</Filter>
    </ClCompile>
    <ClCompile Include="Timer.cpp">
      <Filter>소스 파일</Filter>
    </ClCompile>
    <ClCompile Include="GameClient.cpp">
      <Filter>소스 파일</Filter>
    </ClCompile>
    <ClCompile Include="Vertex.cpp">
      <Filter>소스 파일</Filter>
    </ClCompile>
    <ClCompile Include="ResourceManager.cpp">
      <Filter>소스 파일</Filter>
    </ClCompile>
    <ClCompile Include="ObjectManager.cpp">
      <Filter>소스 파일</Filter>
    </ClCompile>
    <ClCompile Include="Fbx.cpp">
      <Filter>소스 파일</Filter>
    </ClCompile>
    <ClCompile Include="Network.cpp">
      <Filter>소스 파일</Filter>
    </ClCompile>
    <ClCompile Include="Monster.cpp">
      <Filter>소스 파일</Filter>
    </ClCompile>
  </ItemGroup>
  <ItemGroup>
    <Image Include="small.ico">
=======
    <Image Include="GameClient.ico">
>>>>>>> refs/remotes/origin/master
      <Filter>리소스 파일</Filter>
    </Image>
    <Image Include="small.ico">
      <Filter>리소스 파일</Filter>
    </Image>
  </ItemGroup>
  <ItemGroup>
    <Text Include="ReadMe.txt" />
  </ItemGroup>
  <ItemGroup>
    <Filter Include="리소스 파일">
      <UniqueIdentifier>{2e5a25fb-14f5-452e-9072-87c7d3cd6b1d}</UniqueIdentifier>
    </Filter>
    <Filter Include="소스 파일">
      <UniqueIdentifier>{3a40d025-2a1a-40da-b446-c3457410d569}</UniqueIdentifier>
    </Filter>
    <Filter Include="헤더 파일">
      <UniqueIdentifier>{3cc95659-087a-43a2-985f-ba1a4e7b0470}</UniqueIdentifier>
    </Filter>
  </ItemGroup>
  <ItemGroup>
    <ResourceCompile Include="GameClient.rc">
      <Filter>리소스 파일</Filter>
    </ResourceCompile>
  </ItemGroup>
</Project>